{
  "version": 4,
  "terraform_version": "1.1.6",
  "serial": 9,
  "lineage": "a76cb48f-015a-8a65-eaca-bd9ee0bb83db",
  "outputs": {
    "extensions": {
      "value": [
        ".json",
        ".csv",
        ".xml"
      ],
      "type": [
        "tuple",
        [
          "string",
          "string",
          "string"
        ]
      ]
    },
    "extensions_upper": {
      "value": {
        ".csv": ".CSV",
        ".xml": ".XML"
      },
      "type": [
        "object",
        {
          ".csv": "string",
          ".xml": "string"
        }
      ]
    },
    "instance_arns": {
      "value": [
        "arn:aws:ec2:sa-east-1:301113985601:instance/i-0a7a3f9db6342a9e1",
        "arn:aws:ec2:sa-east-1:301113985601:instance/i-0775f43168e3f66f2"
      ],
      "type": [
        "tuple",
        [
          "string",
          "string"
        ]
      ]
    },
    "instance_names": {
      "value": {
        "ci_cd": "ci_cd: CI/CD server",
        "web": "web: Web server"
      },
      "type": [
        "object",
        {
          "ci_cd": "string",
          "web": "string"
        }
      ]
    },
    "private_ips": {
      "value": [
        "123.123.123.23",
        "122.123.123.23"
      ],
      "type": [
        "tuple",
        [
          "string",
          "string"
        ]
      ]
    },
    "public_ips": {
      "value": [
        "123.123.123.22",
        "122.123.123.22"
      ],
      "type": [
        "tuple",
        [
          "string",
          "string"
        ]
      ]
    }
  },
  "resources": [
    {
      "mode": "data",
      "type": "aws_ami",
      "name": "ubuntu",
      "provider": "provider[\"registry.terraform.io/hashicorp/aws\"]",
      "instances": [
        {
          "schema_version": 0,
          "attributes": {
            "architecture": "x86_64",
            "arn": "arn:aws:ec2:sa-east-1::image/ami-079e280297c7b347f",
            "block_device_mappings": [
              {
                "device_name": "/dev/sda1",
                "ebs": {
                  "delete_on_termination": "true",
                  "encrypted": "false",
                  "iops": "0",
                  "snapshot_id": "snap-06d3a708cbb347963",
                  "throughput": "0",
                  "volume_size": "35",
                  "volume_type": "gp2"
                },
                "no_device": "",
                "virtual_name": ""
              },
              {
                "device_name": "/dev/sdb",
                "ebs": {},
                "no_device": "",
                "virtual_name": "ephemeral0"
              },
              {
                "device_name": "/dev/sdc",
                "ebs": {},
                "no_device": "",
                "virtual_name": "ephemeral1"
              }
            ],
            "boot_mode": "",
            "creation_date": "2022-03-01T19:52:09.000Z",
            "description": "AWS ParallelCluster AMI for ubuntu2004, kernel-5.11.0-1028-aws, lustre-5.11.0.1028.31~20.04.26, efa-1.14.2-1.amzn1, dcv-2021.3.11591-1, slurm-21-08-6-1, nvidia-470.103.01",
            "ena_support": true,
            "executable_users": null,
            "filter": [
              {
                "name": "architecture",
                "values": [
                  "x86_64"
                ]
              }
            ],
            "hypervisor": "xen",
            "id": "ami-079e280297c7b347f",
            "image_id": "ami-079e280297c7b347f",
            "image_location": "amazon/aws-parallelcluster-3.1.2-ubuntu-2004-lts-hvm-x86_64-202202261505 2022-02-26T15-08-34.759Z",
            "image_owner_alias": "amazon",
            "image_type": "machine",
            "kernel_id": null,
            "most_recent": true,
            "name": "aws-parallelcluster-3.1.2-ubuntu-2004-lts-hvm-x86_64-202202261505 2022-02-26T15-08-34.759Z",
            "name_regex": "ubuntu",
            "owner_id": "247102896272",
            "owners": [
              "amazon"
            ],
            "platform": null,
            "platform_details": "Linux/UNIX",
            "product_codes": [],
            "public": true,
            "ramdisk_id": null,
            "root_device_name": "/dev/sda1",
            "root_device_type": "ebs",
            "root_snapshot_id": "snap-06d3a708cbb347963",
            "sriov_net_support": "simple",
            "state": "available",
            "state_reason": {
              "code": "UNSET",
              "message": "UNSET"
            },
            "tags": {},
            "usage_operation": "RunInstances",
            "virtualization_type": "hvm"
          },
          "sensitive_attributes": []
        }
      ]
    },
    {
      "mode": "managed",
      "type": "aws_iam_user",
      "name": "the-accounts",
      "provider": "provider[\"registry.terraform.io/hashicorp/aws\"]",
      "instances": [
        {
          "index_key": "Alice",
          "schema_version": 0,
          "attributes": {
            "arn": "arn:aws:iam::301113985601:user/Alice",
            "force_destroy": false,
            "id": "Alice",
            "name": "Alice",
            "path": "/",
            "permissions_boundary": null,
            "tags": {},
            "tags_all": {},
            "unique_id": "AIDAUMG6KZJA2II4JVHHE"
          },
          "sensitive_attributes": [],
          "private": "bnVsbA=="
        },
        {
          "index_key": "Dottie",
          "schema_version": 0,
          "attributes": {
            "arn": "arn:aws:iam::301113985601:user/Dottie",
            "force_destroy": false,
            "id": "Dottie",
            "name": "Dottie",
            "path": "/",
            "permissions_boundary": null,
            "tags": {},
            "tags_all": {},
            "unique_id": "AIDAUMG6KZJA5ZS5IP4GS"
          },
          "sensitive_attributes": [],
          "private": "bnVsbA=="
        },
        {
          "index_key": "James",
          "schema_version": 0,
          "attributes": {
            "arn": "arn:aws:iam::301113985601:user/James",
            "force_destroy": false,
            "id": "James",
            "name": "James",
            "path": "/",
            "permissions_boundary": null,
            "tags": {},
            "tags_all": {},
            "unique_id": "AIDAUMG6KZJARRNKNXOWV"
          },
          "sensitive_attributes": [],
          "private": "bnVsbA=="
        },
        {
          "index_key": "Todd",
          "schema_version": 0,
          "attributes": {
            "arn": "arn:aws:iam::301113985601:user/Todd",
            "force_destroy": false,
            "id": "Todd",
            "name": "Todd",
            "path": "/",
            "permissions_boundary": null,
            "tags": {},
            "tags_all": {},
            "unique_id": "AIDAUMG6KZJA2M4RT4LX2"
          },
          "sensitive_attributes": [],
          "private": "bnVsbA=="
        }
      ]
    },
    {
      "mode": "managed",
      "type": "aws_instance",
      "name": "instance-course",
      "provider": "provider[\"registry.terraform.io/hashicorp/aws\"]",
      "instances": [
        {
          "index_key": "ci_cd",
          "schema_version": 1,
          "attributes": {
            "ami": "ami-079e280297c7b347f",
            "arn": "arn:aws:ec2:sa-east-1:301113985601:instance/i-0a7a3f9db6342a9e1",
            "associate_public_ip_address": true,
            "availability_zone": "sa-east-1c",
            "capacity_reservation_specification": [
              {
                "capacity_reservation_preference": "open",
                "capacity_reservation_target": []
              }
            ],
            "cpu_core_count": 1,
            "cpu_threads_per_core": 1,
            "credit_specification": [
              {
                "cpu_credits": "standard"
              }
            ],
            "disable_api_termination": false,
            "ebs_block_device": [],
            "ebs_optimized": false,
            "enclave_options": [
              {
                "enabled": false
              }
            ],
            "ephemeral_block_device": [],
            "get_password_data": false,
            "hibernation": false,
            "host_id": null,
            "iam_instance_profile": "",
            "id": "i-0a7a3f9db6342a9e1",
            "instance_initiated_shutdown_behavior": "stop",
            "instance_state": "running",
            "instance_type": "t2.micro",
            "ipv6_address_count": 0,
            "ipv6_addresses": [],
            "key_name": "",
            "launch_template": [],
            "metadata_options": [
              {
                "http_endpoint": "enabled",
                "http_put_response_hop_limit": 1,
                "http_tokens": "optional",
                "instance_metadata_tags": "disabled"
              }
            ],
            "monitoring": false,
            "network_interface": [],
            "outpost_arn": "",
            "password_data": "",
            "placement_group": "",
            "placement_partition_number": null,
            "primary_network_interface_id": "eni-0d5d774040588c0a8",
            "private_dns": "ip-172-31-35-156.sa-east-1.compute.internal",
            "private_ip": "172.31.35.156",
            "public_dns": "ec2-54-233-194-89.sa-east-1.compute.amazonaws.com",
            "public_ip": "54.233.194.89",
            "root_block_device": [
              {
                "delete_on_termination": true,
                "device_name": "/dev/sda1",
                "encrypted": false,
                "iops": 105,
                "kms_key_id": "",
                "tags": {},
                "throughput": 0,
                "volume_id": "vol-0c2b7b3ebd8b64cb7",
                "volume_size": 35,
                "volume_type": "gp2"
              }
            ],
            "secondary_private_ips": [],
            "security_groups": [
              "default"
            ],
            "source_dest_check": true,
            "subnet_id": "subnet-050de55170ef14482",
            "tags": {
              "Lesson": "Foreach, For, Splat",
              "Name": "ci_cd: CI/CD server",
              "Project": "Curso AWS com Terraform"
            },
            "tags_all": {
              "Lesson": "Foreach, For, Splat",
              "Name": "ci_cd: CI/CD server",
              "Project": "Curso AWS com Terraform"
            },
            "tenancy": "default",
            "timeouts": null,
            "user_data": null,
            "user_data_base64": null,
            "volume_tags": null,
            "vpc_security_group_ids": [
              "sg-07bbfaada513c0833"
            ]
          },
          "sensitive_attributes": [],
          "private": "eyJlMmJmYjczMC1lY2FhLTExZTYtOGY4OC0zNDM2M2JjN2M0YzAiOnsiY3JlYXRlIjo2MDAwMDAwMDAwMDAsImRlbGV0ZSI6MTIwMDAwMDAwMDAwMCwidXBkYXRlIjo2MDAwMDAwMDAwMDB9LCJzY2hlbWFfdmVyc2lvbiI6IjEifQ==",
          "dependencies": [
            "data.aws_ami.ubuntu"
          ]
        },
        {
          "index_key": "web",
          "schema_version": 1,
          "attributes": {
            "ami": "ami-079e280297c7b347f",
            "arn": "arn:aws:ec2:sa-east-1:301113985601:instance/i-0775f43168e3f66f2",
            "associate_public_ip_address": true,
            "availability_zone": "sa-east-1c",
            "capacity_reservation_specification": [
              {
                "capacity_reservation_preference": "open",
                "capacity_reservation_target": []
              }
            ],
            "cpu_core_count": 1,
            "cpu_threads_per_core": 1,
            "credit_specification": [
              {
                "cpu_credits": "standard"
              }
            ],
            "disable_api_termination": false,
            "ebs_block_device": [],
            "ebs_optimized": false,
            "enclave_options": [
              {
                "enabled": false
              }
            ],
            "ephemeral_block_device": [],
            "get_password_data": false,
            "hibernation": false,
            "host_id": null,
            "iam_instance_profile": "",
            "id": "i-0775f43168e3f66f2",
            "instance_initiated_shutdown_behavior": "stop",
            "instance_state": "running",
            "instance_type": "t2.micro",
            "ipv6_address_count": 0,
            "ipv6_addresses": [],
            "key_name": "",
            "launch_template": [],
            "metadata_options": [
              {
                "http_endpoint": "enabled",
                "http_put_response_hop_limit": 1,
                "http_tokens": "optional",
                "instance_metadata_tags": "disabled"
              }
            ],
            "monitoring": false,
            "network_interface": [],
            "outpost_arn": "",
            "password_data": "",
            "placement_group": "",
            "placement_partition_number": null,
            "primary_network_interface_id": "eni-06b9dc707090c08a7",
            "private_dns": "ip-172-31-46-29.sa-east-1.compute.internal",
            "private_ip": "172.31.46.29",
            "public_dns": "ec2-15-228-35-170.sa-east-1.compute.amazonaws.com",
            "public_ip": "15.228.35.170",
            "root_block_device": [
              {
                "delete_on_termination": true,
                "device_name": "/dev/sda1",
                "encrypted": false,
                "iops": 105,
                "kms_key_id": "",
                "tags": {},
                "throughput": 0,
                "volume_id": "vol-0e2548820ce7c49a8",
                "volume_size": 35,
                "volume_type": "gp2"
              }
            ],
            "secondary_private_ips": [],
            "security_groups": [
              "default"
            ],
            "source_dest_check": true,
            "subnet_id": "subnet-050de55170ef14482",
            "tags": {
              "Lesson": "Foreach, For, Splat",
              "Name": "web: Web server",
              "Project": "Curso AWS com Terraform"
            },
            "tags_all": {
              "Lesson": "Foreach, For, Splat",
              "Name": "web: Web server",
              "Project": "Curso AWS com Terraform"
            },
            "tenancy": "default",
            "timeouts": null,
            "user_data": null,
            "user_data_base64": null,
            "volume_tags": null,
            "vpc_security_group_ids": [
              "sg-07bbfaada513c0833"
            ]
          },
          "sensitive_attributes": [],
          "private": "eyJlMmJmYjczMC1lY2FhLTExZTYtOGY4OC0zNDM2M2JjN2M0YzAiOnsiY3JlYXRlIjo2MDAwMDAwMDAwMDAsImRlbGV0ZSI6MTIwMDAwMDAwMDAwMCwidXBkYXRlIjo2MDAwMDAwMDAwMDB9LCJzY2hlbWFfdmVyc2lvbiI6IjEifQ==",
          "dependencies": [
            "data.aws_ami.ubuntu"
          ]
        }
      ]
    }
  ]
}
