{
  "version": 4,
  "terraform_version": "1.1.6",
  "serial": 4,
  "lineage": "e10c3e59-b6ab-9c71-82d2-77a42f965d28",
  "outputs": {
    "server": {
      "value": {
        "ami": "ami-079e280297c7b347f",
        "arn": "arn:aws:ec2:sa-east-1:301113985601:instance/i-094c2e880c41472a3",
        "id": "i-094c2e880c41472a3"
      },
      "type": [
        "object",
        {
          "ami": "string",
          "arn": "string",
          "id": "string"
        }
      ]
    }
  },
  "resources": [
    {
      "mode": "data",
      "type": "terraform_remote_state",
      "name": "server",
      "provider": "provider[\"terraform.io/builtin/terraform\"]",
      "instances": [
        {
          "schema_version": 0,
          "attributes": {
            "backend": "s3",
            "config": {
              "value": {
                "bucket": "tfstate-301113985601",
                "key": "dev/03-data-sources-s3/terraform.tfstate",
                "profile": "default",
                "region": "sa-east-1"
              },
              "type": [
                "object",
                {
                  "bucket": "string",
                  "key": "string",
                  "profile": "string",
                  "region": "string"
                }
              ]
            },
            "defaults": null,
            "outputs": {
              "value": {
                "ami": "ami-079e280297c7b347f",
                "arn": "arn:aws:ec2:sa-east-1:301113985601:instance/i-094c2e880c41472a3",
                "id": "i-094c2e880c41472a3"
              },
              "type": [
                "object",
                {
                  "ami": "string",
                  "arn": "string",
                  "id": "string"
                }
              ]
            },
            "workspace": null
          },
          "sensitive_attributes": []
        }
      ]
    },
    {
      "mode": "managed",
      "type": "aws_s3_bucket",
      "name": "bucket-course",
      "provider": "provider[\"registry.terraform.io/hashicorp/aws\"]",
      "instances": [
        {
          "schema_version": 0,
          "attributes": {
            "acceleration_status": "",
            "acl": "private",
            "arn": "arn:aws:s3:::my-bucket-broadly-carefully-terminally-sacred-dassie",
            "bucket": "my-bucket-broadly-carefully-terminally-sacred-dassie",
            "bucket_domain_name": "my-bucket-broadly-carefully-terminally-sacred-dassie.s3.amazonaws.com",
            "bucket_prefix": null,
            "bucket_regional_domain_name": "my-bucket-broadly-carefully-terminally-sacred-dassie.s3.sa-east-1.amazonaws.com",
            "cors_rule": [],
            "force_destroy": false,
            "grant": [],
            "hosted_zone_id": "Z7KQH4QJS55SO",
            "id": "my-bucket-broadly-carefully-terminally-sacred-dassie",
            "lifecycle_rule": [],
            "logging": [],
            "object_lock_configuration": [],
            "policy": "",
            "region": "sa-east-1",
            "replication_configuration": [],
            "request_payer": "BucketOwner",
            "server_side_encryption_configuration": [],
            "tags": null,
            "tags_all": {},
            "versioning": [
              {
                "enabled": false,
                "mfa_delete": false
              }
            ],
            "website": [],
            "website_domain": null,
            "website_endpoint": null
          },
          "sensitive_attributes": [],
          "private": "bnVsbA==",
          "dependencies": [
            "random_pet.this"
          ]
        }
      ]
    },
    {
      "mode": "managed",
      "type": "aws_s3_bucket_object",
      "name": "bucket-course-object",
      "provider": "provider[\"registry.terraform.io/hashicorp/aws\"]",
      "instances": [
        {
          "schema_version": 0,
          "attributes": {
            "acl": "private",
            "bucket": "my-bucket-broadly-carefully-terminally-sacred-dassie",
            "bucket_key_enabled": false,
            "cache_control": "",
            "content": null,
            "content_base64": null,
            "content_disposition": "",
            "content_encoding": "",
            "content_language": "",
            "content_type": "application/json",
            "etag": "abccd753a83b20b566e5cfe17c9d2f82",
            "force_destroy": false,
            "id": "instances/instances-ami-079e280297c7b347f.json",
            "key": "instances/instances-ami-079e280297c7b347f.json",
            "kms_key_id": null,
            "metadata": null,
            "object_lock_legal_hold_status": "",
            "object_lock_mode": "",
            "object_lock_retain_until_date": "",
            "server_side_encryption": "",
            "source": "outputs.json",
            "source_hash": null,
            "storage_class": "STANDARD",
            "tags": null,
            "tags_all": {},
            "version_id": "",
            "website_redirect": ""
          },
          "sensitive_attributes": [],
          "private": "bnVsbA==",
          "dependencies": [
            "aws_s3_bucket.bucket-course",
            "data.terraform_remote_state.server",
            "random_pet.this"
          ]
        }
      ]
    },
    {
      "mode": "managed",
      "type": "random_pet",
      "name": "this",
      "provider": "provider[\"registry.terraform.io/hashicorp/random\"]",
      "instances": [
        {
          "schema_version": 0,
          "attributes": {
            "id": "broadly-carefully-terminally-sacred-dassie",
            "keepers": null,
            "length": 5,
            "prefix": null,
            "separator": "-"
          },
          "sensitive_attributes": [],
          "private": "bnVsbA=="
        }
      ]
    }
  ]
}
