{
  "version": 4,
  "terraform_version": "1.1.6",
  "serial": 5,
  "lineage": "9aebbb10-9b85-b2cf-3c3e-69848106fd5e",
  "outputs": {
    "instance_names": {
      "value": "Instance 1",
      "type": "string"
    },
    "instance_public_ips": {
      "value": [
        "18.231.8.204"
      ],
      "type": [
        "tuple",
        [
          "string"
        ]
      ]
    }
  },
  "resources": [
    {
      "mode": "data",
      "type": "archive_file",
      "name": "json",
      "provider": "provider[\"registry.terraform.io/hashicorp/archive\"]",
      "instances": [
        {
          "schema_version": 0,
          "attributes": {
            "excludes": null,
            "id": "151a4ec7edb5248ff03a33b0ad04b77c4c684fbd",
            "output_base64sha256": "fzx7tH1xs/kNOFLBJ7sav85MfIIA6YWbpV06+efRBSs=",
            "output_file_mode": null,
            "output_md5": "0903b87d7d449f95193313ef57cb79ac",
            "output_path": "./files/meu-arquivo-gerado-de-um-template.zip",
            "output_sha": "151a4ec7edb5248ff03a33b0ad04b77c4c684fbd",
            "output_size": 985,
            "source": [
              {
                "content": "{\r\n  \"_id\": \"5c4ced467fed6b22958523af\",\r\n  \"index\": 0,\r\n  \"guid\": \"ec360fa8-f535-4ad5-835a-683f928495cd\",\r\n  \"isActive\": true,\r\n  \"balance\": \"$3,892.62\",\r\n  \"picture\": \"http://placehold.it/32x32\",\r\n  \"age\": \"33\",\r\n  \"eyeColor\": \"Brown\",\r\n  \"name\": \"Cleber\",\r\n  \"gender\": \"Male\",\r\n  \"company\": \"FITCORE\",\r\n  \"email\": \"tamekaweber@fitcore.com\",\r\n  \"phone\": \"+1 (851) 497-3226\",\r\n  \"address\": \"529 Pierrepont Street, Bainbridge, New Jersey, 9407\",\r\n  \"about\": \"Do irure proident reprehenderit aliquip ipsum. Ea sunt commodo in esse fugiat adipisicing aute consequat eiusmod eu veniam ad. Nulla ad et exercitation voluptate proident mollit sunt adipisicing aute dolor esse. Reprehenderit ea laboris sunt aliquip adipisicing qui pariatur excepteur ut et ullamco elit nostrud culpa. Nulla aliqua commodo sunt non Lorem incididunt aliquip voluptate consectetur commodo non dolor veniam. Officia culpa exercitation do enim veniam adipisicing. Nulla fugiat et eiusmod aute incididunt laboris deserunt excepteur fugiat duis officia.\\r\\n\",\r\n  \"registered\": \"2018-04-12T11:58:28 +03:00\",\r\n  \"latitude\": -28.83255,\r\n  \"longitude\": -108.89522,\r\n  \"tags\": [\r\n    \"pariatur\",\r\n    \"amet\",\r\n    \"qui\",\r\n    \"aute\",\r\n    \"mollit\",\r\n    \"aliquip\",\r\n    \"excepteur\"\r\n  ],\r\n  \"friends\": [\r\n    {\r\n      \"id\": 0,\r\n      \"name\": \"Rodriquez Garrett\"\r\n    },\r\n    {\r\n      \"id\": 1,\r\n      \"name\": \"Ebony Cole\"\r\n    },\r\n    {\r\n      \"id\": 2,\r\n      \"name\": \"Travis Ashley\"\r\n    }\r\n  ],\r\n  \"greeting\": \"Hello, Tameka Weber! You have 1 unread messages.\",\r\n  \"favoriteFruit\": \"apple\"\r\n}",
                "filename": "meu-arquivo-gerado-de-um-template.json"
              }
            ],
            "source_content": null,
            "source_content_filename": null,
            "source_dir": null,
            "source_file": null,
            "type": "zip"
          },
          "sensitive_attributes": []
        }
      ]
    },
    {
      "mode": "data",
      "type": "template_file",
      "name": "json",
      "provider": "provider[\"registry.terraform.io/hashicorp/template\"]",
      "instances": [
        {
          "schema_version": 0,
          "attributes": {
            "filename": null,
            "id": "2a352e223ce4b5ab7d19dad483159f6a32cb9b36e93037229b660a2923ea9eeb",
            "rendered": "{\r\n  \"_id\": \"5c4ced467fed6b22958523af\",\r\n  \"index\": 0,\r\n  \"guid\": \"ec360fa8-f535-4ad5-835a-683f928495cd\",\r\n  \"isActive\": true,\r\n  \"balance\": \"$3,892.62\",\r\n  \"picture\": \"http://placehold.it/32x32\",\r\n  \"age\": \"33\",\r\n  \"eyeColor\": \"Brown\",\r\n  \"name\": \"Cleber\",\r\n  \"gender\": \"Male\",\r\n  \"company\": \"FITCORE\",\r\n  \"email\": \"tamekaweber@fitcore.com\",\r\n  \"phone\": \"+1 (851) 497-3226\",\r\n  \"address\": \"529 Pierrepont Street, Bainbridge, New Jersey, 9407\",\r\n  \"about\": \"Do irure proident reprehenderit aliquip ipsum. Ea sunt commodo in esse fugiat adipisicing aute consequat eiusmod eu veniam ad. Nulla ad et exercitation voluptate proident mollit sunt adipisicing aute dolor esse. Reprehenderit ea laboris sunt aliquip adipisicing qui pariatur excepteur ut et ullamco elit nostrud culpa. Nulla aliqua commodo sunt non Lorem incididunt aliquip voluptate consectetur commodo non dolor veniam. Officia culpa exercitation do enim veniam adipisicing. Nulla fugiat et eiusmod aute incididunt laboris deserunt excepteur fugiat duis officia.\\r\\n\",\r\n  \"registered\": \"2018-04-12T11:58:28 +03:00\",\r\n  \"latitude\": -28.83255,\r\n  \"longitude\": -108.89522,\r\n  \"tags\": [\r\n    \"pariatur\",\r\n    \"amet\",\r\n    \"qui\",\r\n    \"aute\",\r\n    \"mollit\",\r\n    \"aliquip\",\r\n    \"excepteur\"\r\n  ],\r\n  \"friends\": [\r\n    {\r\n      \"id\": 0,\r\n      \"name\": \"Rodriquez Garrett\"\r\n    },\r\n    {\r\n      \"id\": 1,\r\n      \"name\": \"Ebony Cole\"\r\n    },\r\n    {\r\n      \"id\": 2,\r\n      \"name\": \"Travis Ashley\"\r\n    }\r\n  ],\r\n  \"greeting\": \"Hello, Tameka Weber! You have 1 unread messages.\",\r\n  \"favoriteFruit\": \"apple\"\r\n}",
            "template": "{\r\n  \"_id\": \"5c4ced467fed6b22958523af\",\r\n  \"index\": 0,\r\n  \"guid\": \"ec360fa8-f535-4ad5-835a-683f928495cd\",\r\n  \"isActive\": true,\r\n  \"balance\": \"$3,892.62\",\r\n  \"picture\": \"http://placehold.it/32x32\",\r\n  \"age\": \"${age}\",\r\n  \"eyeColor\": \"${eye}\",\r\n  \"name\": \"${name}\",\r\n  \"gender\": \"${gender}\",\r\n  \"company\": \"FITCORE\",\r\n  \"email\": \"tamekaweber@fitcore.com\",\r\n  \"phone\": \"+1 (851) 497-3226\",\r\n  \"address\": \"529 Pierrepont Street, Bainbridge, New Jersey, 9407\",\r\n  \"about\": \"Do irure proident reprehenderit aliquip ipsum. Ea sunt commodo in esse fugiat adipisicing aute consequat eiusmod eu veniam ad. Nulla ad et exercitation voluptate proident mollit sunt adipisicing aute dolor esse. Reprehenderit ea laboris sunt aliquip adipisicing qui pariatur excepteur ut et ullamco elit nostrud culpa. Nulla aliqua commodo sunt non Lorem incididunt aliquip voluptate consectetur commodo non dolor veniam. Officia culpa exercitation do enim veniam adipisicing. Nulla fugiat et eiusmod aute incididunt laboris deserunt excepteur fugiat duis officia.\\r\\n\",\r\n  \"registered\": \"2018-04-12T11:58:28 +03:00\",\r\n  \"latitude\": -28.83255,\r\n  \"longitude\": -108.89522,\r\n  \"tags\": [\r\n    \"pariatur\",\r\n    \"amet\",\r\n    \"qui\",\r\n    \"aute\",\r\n    \"mollit\",\r\n    \"aliquip\",\r\n    \"excepteur\"\r\n  ],\r\n  \"friends\": [\r\n    {\r\n      \"id\": 0,\r\n      \"name\": \"Rodriquez Garrett\"\r\n    },\r\n    {\r\n      \"id\": 1,\r\n      \"name\": \"Ebony Cole\"\r\n    },\r\n    {\r\n      \"id\": 2,\r\n      \"name\": \"Travis Ashley\"\r\n    }\r\n  ],\r\n  \"greeting\": \"Hello, Tameka Weber! You have 1 unread messages.\",\r\n  \"favoriteFruit\": \"apple\"\r\n}",
            "vars": {
              "age": "33",
              "eye": "Brown",
              "gender": "Male",
              "name": "Cleber"
            }
          },
          "sensitive_attributes": []
        }
      ]
    },
    {
      "mode": "managed",
      "type": "aws_instance",
      "name": "server",
      "provider": "provider[\"registry.terraform.io/hashicorp/aws\"]",
      "instances": [
        {
          "index_key": 0,
          "schema_version": 1,
          "attributes": {
            "ami": "ami-09b5a444e7e7b2428",
            "arn": "arn:aws:ec2:sa-east-1:301113985601:instance/i-0ebb9ad3e9cacd15f",
            "associate_public_ip_address": true,
            "availability_zone": "sa-east-1c",
            "capacity_reservation_specification": [
              {
                "capacity_reservation_preference": "open",
                "capacity_reservation_target": []
              }
            ],
            "cpu_core_count": 1,
            "cpu_threads_per_core": 1,
            "credit_specification": [
              {
                "cpu_credits": "standard"
              }
            ],
            "disable_api_termination": false,
            "ebs_block_device": [],
            "ebs_optimized": false,
            "enclave_options": [
              {
                "enabled": false
              }
            ],
            "ephemeral_block_device": [],
            "get_password_data": false,
            "hibernation": false,
            "host_id": null,
            "iam_instance_profile": "",
            "id": "i-0ebb9ad3e9cacd15f",
            "instance_initiated_shutdown_behavior": "stop",
            "instance_state": "running",
            "instance_type": "t2.micro",
            "ipv6_address_count": 0,
            "ipv6_addresses": [],
            "key_name": "",
            "launch_template": [],
            "metadata_options": [
              {
                "http_endpoint": "enabled",
                "http_put_response_hop_limit": 1,
                "http_tokens": "optional",
                "instance_metadata_tags": "disabled"
              }
            ],
            "monitoring": false,
            "network_interface": [],
            "outpost_arn": "",
            "password_data": "",
            "placement_group": "",
            "placement_partition_number": null,
            "primary_network_interface_id": "eni-0b552bf760b6c8cbd",
            "private_dns": "ip-172-31-41-154.sa-east-1.compute.internal",
            "private_ip": "172.31.41.154",
            "public_dns": "ec2-18-231-8-204.sa-east-1.compute.amazonaws.com",
            "public_ip": "18.231.8.204",
            "root_block_device": [
              {
                "delete_on_termination": true,
                "device_name": "/dev/xvda",
                "encrypted": false,
                "iops": 100,
                "kms_key_id": "",
                "tags": {},
                "throughput": 0,
                "volume_id": "vol-0dc0546dc863da034",
                "volume_size": 8,
                "volume_type": "gp2"
              }
            ],
            "secondary_private_ips": [],
            "security_groups": [
              "default"
            ],
            "source_dest_check": true,
            "subnet_id": "subnet-050de55170ef14482",
            "tags": {
              "Env": "dev",
              "Name": "Instance 1",
              "Owner": "Kaio Bispo",
              "Project": "Curso AWS com Terraform",
              "Year": "2022"
            },
            "tags_all": {
              "Env": "dev",
              "Name": "Instance 1",
              "Owner": "Kaio Bispo",
              "Project": "Curso AWS com Terraform",
              "Year": "2022"
            },
            "tenancy": "default",
            "timeouts": null,
            "user_data": null,
            "user_data_base64": null,
            "volume_tags": null,
            "vpc_security_group_ids": [
              "sg-07bbfaada513c0833"
            ]
          },
          "sensitive_attributes": [],
          "private": "eyJlMmJmYjczMC1lY2FhLTExZTYtOGY4OC0zNDM2M2JjN2M0YzAiOnsiY3JlYXRlIjo2MDAwMDAwMDAwMDAsImRlbGV0ZSI6MTIwMDAwMDAwMDAwMCwidXBkYXRlIjo2MDAwMDAwMDAwMDB9LCJzY2hlbWFfdmVyc2lvbiI6IjEifQ=="
        }
      ]
    },
    {
      "mode": "managed",
      "type": "aws_s3_bucket",
      "name": "bucket-course",
      "provider": "provider[\"registry.terraform.io/hashicorp/aws\"]",
      "instances": [
        {
          "schema_version": 0,
          "attributes": {
            "acceleration_status": "",
            "acl": "private",
            "arn": "arn:aws:s3:::reasonably-plainly-formerly-moving-raccoon-dev",
            "bucket": "reasonably-plainly-formerly-moving-raccoon-dev",
            "bucket_domain_name": "reasonably-plainly-formerly-moving-raccoon-dev.s3.amazonaws.com",
            "bucket_prefix": null,
            "bucket_regional_domain_name": "reasonably-plainly-formerly-moving-raccoon-dev.s3.sa-east-1.amazonaws.com",
            "cors_rule": [],
            "force_destroy": false,
            "grant": [],
            "hosted_zone_id": "Z7KQH4QJS55SO",
            "id": "reasonably-plainly-formerly-moving-raccoon-dev",
            "lifecycle_rule": [],
            "logging": [],
            "object_lock_configuration": [],
            "policy": "",
            "region": "sa-east-1",
            "replication_configuration": [],
            "request_payer": "BucketOwner",
            "server_side_encryption_configuration": [],
            "tags": {
              "Owner": "Kaio Bispo",
              "Year": "2022"
            },
            "tags_all": {
              "Owner": "Kaio Bispo",
              "Year": "2022"
            },
            "versioning": [
              {
                "enabled": false,
                "mfa_delete": false
              }
            ],
            "website": [],
            "website_domain": null,
            "website_endpoint": null
          },
          "sensitive_attributes": [],
          "private": "bnVsbA==",
          "dependencies": [
            "random_pet.bucket"
          ]
        }
      ]
    },
    {
      "mode": "managed",
      "type": "aws_s3_bucket_object",
      "name": "bucket-course-object",
      "provider": "provider[\"registry.terraform.io/hashicorp/aws\"]",
      "instances": [
        {
          "schema_version": 0,
          "attributes": {
            "acl": "private",
            "bucket": "reasonably-plainly-formerly-moving-raccoon-dev",
            "bucket_key_enabled": false,
            "cache_control": "",
            "content": null,
            "content_base64": null,
            "content_disposition": "",
            "content_encoding": "",
            "content_language": "",
            "content_type": "application/zip",
            "etag": "0903b87d7d449f95193313ef57cb79ac",
            "force_destroy": false,
            "id": "18053b1d-633f-31de-6798-9270b15d1a58.zip",
            "key": "18053b1d-633f-31de-6798-9270b15d1a58.zip",
            "kms_key_id": null,
            "metadata": null,
            "object_lock_legal_hold_status": "",
            "object_lock_mode": "",
            "object_lock_retain_until_date": "",
            "server_side_encryption": "",
            "source": "./files/meu-arquivo-gerado-de-um-template.zip",
            "source_hash": null,
            "storage_class": "STANDARD",
            "tags": {
              "Owner": "Kaio Bispo",
              "Year": "2022"
            },
            "tags_all": {
              "Owner": "Kaio Bispo",
              "Year": "2022"
            },
            "version_id": "",
            "website_redirect": ""
          },
          "sensitive_attributes": [],
          "private": "bnVsbA==",
          "dependencies": [
            "aws_s3_bucket.bucket-course",
            "data.archive_file.json",
            "random_pet.bucket"
          ]
        }
      ]
    },
    {
      "mode": "managed",
      "type": "random_pet",
      "name": "bucket",
      "provider": "provider[\"registry.terraform.io/hashicorp/random\"]",
      "instances": [
        {
          "schema_version": 0,
          "attributes": {
            "id": "reasonably-plainly-formerly-moving-raccoon",
            "keepers": null,
            "length": 5,
            "prefix": null,
            "separator": "-"
          },
          "sensitive_attributes": [],
          "private": "bnVsbA=="
        }
      ]
    }
  ]
}
