{
  "version": 4,
  "terraform_version": "1.1.6",
  "serial": 4,
  "lineage": "9f5201df-6428-8390-3e57-18028352f9b4",
  "outputs": {},
  "resources": [
    {
      "mode": "managed",
      "type": "aws_s3_bucket",
      "name": "my_test_bucket",
      "provider": "provider[\"registry.terraform.io/hashicorp/aws\"]",
      "instances": [
        {
          "schema_version": 0,
          "attributes": {
            "acceleration_status": "",
            "acl": "private",
            "arn": "arn:aws:s3:::bucket-terraform-course-udemy",
            "bucket": "bucket-terraform-course-udemy",
            "bucket_domain_name": "bucket-terraform-course-udemy.s3.amazonaws.com",
            "bucket_prefix": null,
            "bucket_regional_domain_name": "bucket-terraform-course-udemy.s3.sa-east-1.amazonaws.com",
            "cors_rule": [],
            "force_destroy": false,
            "grant": [],
            "hosted_zone_id": "Z7KQH4QJS55SO",
            "id": "bucket-terraform-course-udemy",
            "lifecycle_rule": [],
            "logging": [],
            "object_lock_configuration": [],
            "policy": "",
            "region": "sa-east-1",
            "replication_configuration": [],
            "request_payer": "BucketOwner",
            "server_side_encryption_configuration": [],
            "tags": {
              "Environment": "Dev",
              "Name": "My bucket"
            },
            "tags_all": {
              "Environment": "Dev",
              "Name": "My bucket"
            },
            "versioning": [
              {
                "enabled": false,
                "mfa_delete": false
              }
            ],
            "website": [],
            "website_domain": null,
            "website_endpoint": null
          },
          "sensitive_attributes": [],
          "private": "bnVsbA=="
        }
      ]
    },
    {
      "mode": "managed",
      "type": "aws_s3_bucket_acl",
      "name": "my_test_bucket_acl",
      "provider": "provider[\"registry.terraform.io/hashicorp/aws\"]",
      "instances": [
        {
          "schema_version": 0,
          "attributes": {
            "access_control_policy": [
              {
                "grant": [
                  {
                    "grantee": [
                      {
                        "display_name": "kaio411",
                        "email_address": "",
                        "id": "ddd3d02157f333c81b14c0ea46e36ec3dfbe0ca64d1fd3e6d5ad9470b11db349",
                        "type": "CanonicalUser",
                        "uri": ""
                      }
                    ],
                    "permission": "FULL_CONTROL"
                  }
                ],
                "owner": [
                  {
                    "display_name": "kaio411",
                    "id": "ddd3d02157f333c81b14c0ea46e36ec3dfbe0ca64d1fd3e6d5ad9470b11db349"
                  }
                ]
              }
            ],
            "acl": "private",
            "bucket": "bucket-terraform-course-udemy",
            "expected_bucket_owner": "",
            "id": "bucket-terraform-course-udemy,private"
          },
          "sensitive_attributes": [],
          "private": "bnVsbA==",
          "dependencies": [
            "aws_s3_bucket.my_test_bucket"
          ]
        }
      ]
    }
  ]
}
